<?xml version="1.0" encoding="utf-8"?>
<Project ToolsVersion="16.0" xmlns="http://schemas.microsoft.com/developer/msbuild/2003">
  <ItemGroup>
    <ClCompile Include="D:\Projects\10Questions\CSGD_CGII\src\1.question\5.0.phongs_lighting_model\basic_lighting_specular.cpp">
      <Filter>Source Files</Filter>
    </ClCompile>
  </ItemGroup>
  <ItemGroup>
    <CustomBuild Include="D:\Projects\10Questions\CSGD_CGII\CMakeLists.txt" />
  </ItemGroup>
  <ItemGroup>
    <None Include="D:\Projects\10Questions\CSGD_CGII\src\1.question\5.0.phongs_lighting_model\2.2.basic_lighting.fs" />
    <None Include="D:\Projects\10Questions\CSGD_CGII\src\1.question\5.0.phongs_lighting_model\2.2.basic_lighting.vs" />
    <None Include="D:\Projects\10Questions\CSGD_CGII\src\1.question\5.0.phongs_lighting_model\2.2.light_cube.fs" />
    <None Include="D:\Projects\10Questions\CSGD_CGII\src\1.question\5.0.phongs_lighting_model\2.2.light_cube.vs" />
  </ItemGroup>
  <ItemGroup>
    <Filter Include="Source Files">
      <UniqueIdentifier>{44314254-E39D-39B5-9979-A713F5386620}</UniqueIdentifier>
    </Filter>
  </ItemGroup>
</Project>
