
Microsoft Visual Studio Solution File, Format Version 12.00
# Visual Studio Version 16
Project("{8BC9CEB8-8B4A-11D0-8D11-00A0C91BC942}") = "ALL_BUILD", "ALL_BUILD.vcxproj", "{742C8D03-1AB7-3DDE-8B6A-EFB00E299005}"
	ProjectSection(ProjectDependencies) = postProject
		{D1A09C67-FEB1-307F-BAA0-C591153C66F4} = {D1A09C67-FEB1-307F-BAA0-C591153C66F4}
		{1712C417-B0B1-39E6-BA37-126530F22582} = {1712C417-B0B1-39E6-BA37-126530F22582}
		{277AA339-FDB3-31E5-A1FB-1391B7787215} = {277AA339-FDB3-31E5-A1FB-1391B7787215}
		{7AB39456-4AB5-35E7-8169-23D8B536D7EC} = {7AB39456-4AB5-35E7-8169-23D8B536D7EC}
		{A3E77F28-C3B9-3D13-B9B6-BFB374FE6FA4} = {A3E77F28-C3B9-3D13-B9B6-BFB374FE6FA4}
		{6BA00393-5ECA-38F8-B487-BC3A7112498E} = {6BA00393-5ECA-38F8-B487-BC3A7112498E}
		{358035EE-4466-36E5-AD04-ECD7FADD4D09} = {358035EE-4466-36E5-AD04-ECD7FADD4D09}
		{B28E0E07-0F4F-36BA-BA27-EC81D17118AF} = {B28E0E07-0F4F-36BA-BA27-EC81D17118AF}
		{C742800C-1F32-36E6-81C4-AE4982BEFE81} = {C742800C-1F32-36E6-81C4-AE4982BEFE81}
		{F87C8E37-06B3-3B87-8185-06D10B0A0772} = {F87C8E37-06B3-3B87-8185-06D10B0A0772}
		{2214D568-4B1C-3C61-99E3-CEDADB054698} = {2214D568-4B1C-3C61-99E3-CEDADB054698}
		{FE4052BA-76C9-3786-8EFF-96268DB3740A} = {FE4052BA-76C9-3786-8EFF-96268DB3740A}
		{C3DDABFF-5FE5-339A-9A08-87D60B2823FA} = {C3DDABFF-5FE5-339A-9A08-87D60B2823FA}
	EndProjectSection
EndProject
Project("{8BC9CEB8-8B4A-11D0-8D11-00A0C91BC942}") = "1.question__1.0.square_fragment_interpolation", "1.question__1.0.square_fragment_interpolation.vcxproj", "{D1A09C67-FEB1-307F-BAA0-C591153C66F4}"
	ProjectSection(ProjectDependencies) = postProject
		{2214D568-4B1C-3C61-99E3-CEDADB054698} = {2214D568-4B1C-3C61-99E3-CEDADB054698}
		{FE4052BA-76C9-3786-8EFF-96268DB3740A} = {FE4052BA-76C9-3786-8EFF-96268DB3740A}
		{C3DDABFF-5FE5-339A-9A08-87D60B2823FA} = {C3DDABFF-5FE5-339A-9A08-87D60B2823FA}
	EndProjectSection
EndProject
Project("{8BC9CEB8-8B4A-11D0-8D11-00A0C91BC942}") = "1.question__10.0.shadow_mapping", "1.question__10.0.shadow_mapping.vcxproj", "{1712C417-B0B1-39E6-BA37-126530F22582}"
	ProjectSection(ProjectDependencies) = postProject
		{2214D568-4B1C-3C61-99E3-CEDADB054698} = {2214D568-4B1C-3C61-99E3-CEDADB054698}
		{FE4052BA-76C9-3786-8EFF-96268DB3740A} = {FE4052BA-76C9-3786-8EFF-96268DB3740A}
		{C3DDABFF-5FE5-339A-9A08-87D60B2823FA} = {C3DDABFF-5FE5-339A-9A08-87D60B2823FA}
	EndProjectSection
EndProject
Project("{8BC9CEB8-8B4A-11D0-8D11-00A0C91BC942}") = "1.question__2.0.textures_sampling", "1.question__2.0.textures_sampling.vcxproj", "{277AA339-FDB3-31E5-A1FB-1391B7787215}"
	ProjectSection(ProjectDependencies) = postProject
		{2214D568-4B1C-3C61-99E3-CEDADB054698} = {2214D568-4B1C-3C61-99E3-CEDADB054698}
		{FE4052BA-76C9-3786-8EFF-96268DB3740A} = {FE4052BA-76C9-3786-8EFF-96268DB3740A}
		{C3DDABFF-5FE5-339A-9A08-87D60B2823FA} = {C3DDABFF-5FE5-339A-9A08-87D60B2823FA}
	EndProjectSection
EndProject
Project("{8BC9CEB8-8B4A-11D0-8D11-00A0C91BC942}") = "1.question__3.0.cubes_transformations", "1.question__3.0.cubes_transformations.vcxproj", "{7AB39456-4AB5-35E7-8169-23D8B536D7EC}"
	ProjectSection(ProjectDependencies) = postProject
		{2214D568-4B1C-3C61-99E3-CEDADB054698} = {2214D568-4B1C-3C61-99E3-CEDADB054698}
		{FE4052BA-76C9-3786-8EFF-96268DB3740A} = {FE4052BA-76C9-3786-8EFF-96268DB3740A}
		{C3DDABFF-5FE5-339A-9A08-87D60B2823FA} = {C3DDABFF-5FE5-339A-9A08-87D60B2823FA}
	EndProjectSection
EndProject
Project("{8BC9CEB8-8B4A-11D0-8D11-00A0C91BC942}") = "1.question__4.0.cubes_camera_class", "1.question__4.0.cubes_camera_class.vcxproj", "{A3E77F28-C3B9-3D13-B9B6-BFB374FE6FA4}"
	ProjectSection(ProjectDependencies) = postProject
		{2214D568-4B1C-3C61-99E3-CEDADB054698} = {2214D568-4B1C-3C61-99E3-CEDADB054698}
		{FE4052BA-76C9-3786-8EFF-96268DB3740A} = {FE4052BA-76C9-3786-8EFF-96268DB3740A}
		{C3DDABFF-5FE5-339A-9A08-87D60B2823FA} = {C3DDABFF-5FE5-339A-9A08-87D60B2823FA}
	EndProjectSection
EndProject
Project("{8BC9CEB8-8B4A-11D0-8D11-00A0C91BC942}") = "1.question__5.0.phongs_lighting_model", "1.question__5.0.phongs_lighting_model.vcxproj", "{6BA00393-5ECA-38F8-B487-BC3A7112498E}"
	ProjectSection(ProjectDependencies) = postProject
		{2214D568-4B1C-3C61-99E3-CEDADB054698} = {2214D568-4B1C-3C61-99E3-CEDADB054698}
		{FE4052BA-76C9-3786-8EFF-96268DB3740A} = {FE4052BA-76C9-3786-8EFF-96268DB3740A}
		{C3DDABFF-5FE5-339A-9A08-87D60B2823FA} = {C3DDABFF-5FE5-339A-9A08-87D60B2823FA}
	EndProjectSection
EndProject
Project("{8BC9CEB8-8B4A-11D0-8D11-00A0C91BC942}") = "1.question__6.0.materials_properties", "1.question__6.0.materials_properties.vcxproj", "{358035EE-4466-36E5-AD04-ECD7FADD4D09}"
	ProjectSection(ProjectDependencies) = postProject
		{2214D568-4B1C-3C61-99E3-CEDADB054698} = {2214D568-4B1C-3C61-99E3-CEDADB054698}
		{FE4052BA-76C9-3786-8EFF-96268DB3740A} = {FE4052BA-76C9-3786-8EFF-96268DB3740A}
		{C3DDABFF-5FE5-339A-9A08-87D60B2823FA} = {C3DDABFF-5FE5-339A-9A08-87D60B2823FA}
	EndProjectSection
EndProject
Project("{8BC9CEB8-8B4A-11D0-8D11-00A0C91BC942}") = "1.question__7.0.lighting_maps_specular_map", "1.question__7.0.lighting_maps_specular_map.vcxproj", "{B28E0E07-0F4F-36BA-BA27-EC81D17118AF}"
	ProjectSection(ProjectDependencies) = postProject
		{2214D568-4B1C-3C61-99E3-CEDADB054698} = {2214D568-4B1C-3C61-99E3-CEDADB054698}
		{FE4052BA-76C9-3786-8EFF-96268DB3740A} = {FE4052BA-76C9-3786-8EFF-96268DB3740A}
		{C3DDABFF-5FE5-339A-9A08-87D60B2823FA} = {C3DDABFF-5FE5-339A-9A08-87D60B2823FA}
	EndProjectSection
EndProject
Project("{8BC9CEB8-8B4A-11D0-8D11-00A0C91BC942}") = "1.question__8.0.multiple_lights", "1.question__8.0.multiple_lights.vcxproj", "{C742800C-1F32-36E6-81C4-AE4982BEFE81}"
	ProjectSection(ProjectDependencies) = postProject
		{2214D568-4B1C-3C61-99E3-CEDADB054698} = {2214D568-4B1C-3C61-99E3-CEDADB054698}
		{FE4052BA-76C9-3786-8EFF-96268DB3740A} = {FE4052BA-76C9-3786-8EFF-96268DB3740A}
		{C3DDABFF-5FE5-339A-9A08-87D60B2823FA} = {C3DDABFF-5FE5-339A-9A08-87D60B2823FA}
	EndProjectSection
EndProject
Project("{8BC9CEB8-8B4A-11D0-8D11-00A0C91BC942}") = "1.question__9.0.model_loading", "1.question__9.0.model_loading.vcxproj", "{F87C8E37-06B3-3B87-8185-06D10B0A0772}"
	ProjectSection(ProjectDependencies) = postProject
		{2214D568-4B1C-3C61-99E3-CEDADB054698} = {2214D568-4B1C-3C61-99E3-CEDADB054698}
		{FE4052BA-76C9-3786-8EFF-96268DB3740A} = {FE4052BA-76C9-3786-8EFF-96268DB3740A}
		{C3DDABFF-5FE5-339A-9A08-87D60B2823FA} = {C3DDABFF-5FE5-339A-9A08-87D60B2823FA}
	EndProjectSection
EndProject
Project("{8BC9CEB8-8B4A-11D0-8D11-00A0C91BC942}") = "GLAD", "GLAD.vcxproj", "{2214D568-4B1C-3C61-99E3-CEDADB054698}"
	ProjectSection(ProjectDependencies) = postProject
		{C3DDABFF-5FE5-339A-9A08-87D60B2823FA} = {C3DDABFF-5FE5-339A-9A08-87D60B2823FA}
	EndProjectSection
EndProject
Project("{8BC9CEB8-8B4A-11D0-8D11-00A0C91BC942}") = "STB_IMAGE", "STB_IMAGE.vcxproj", "{FE4052BA-76C9-3786-8EFF-96268DB3740A}"
	ProjectSection(ProjectDependencies) = postProject
		{C3DDABFF-5FE5-339A-9A08-87D60B2823FA} = {C3DDABFF-5FE5-339A-9A08-87D60B2823FA}
	EndProjectSection
EndProject
Project("{8BC9CEB8-8B4A-11D0-8D11-00A0C91BC942}") = "ZERO_CHECK", "ZERO_CHECK.vcxproj", "{C3DDABFF-5FE5-339A-9A08-87D60B2823FA}"
	ProjectSection(ProjectDependencies) = postProject
	EndProjectSection
EndProject
Global
	GlobalSection(SolutionConfigurationPlatforms) = preSolution
		Debug|x64 = Debug|x64
		Release|x64 = Release|x64
		MinSizeRel|x64 = MinSizeRel|x64
		RelWithDebInfo|x64 = RelWithDebInfo|x64
	EndGlobalSection
	GlobalSection(ProjectConfigurationPlatforms) = postSolution
		{742C8D03-1AB7-3DDE-8B6A-EFB00E299005}.Debug|x64.ActiveCfg = Debug|x64
		{742C8D03-1AB7-3DDE-8B6A-EFB00E299005}.Release|x64.ActiveCfg = Release|x64
		{742C8D03-1AB7-3DDE-8B6A-EFB00E299005}.MinSizeRel|x64.ActiveCfg = MinSizeRel|x64
		{742C8D03-1AB7-3DDE-8B6A-EFB00E299005}.RelWithDebInfo|x64.ActiveCfg = RelWithDebInfo|x64
		{D1A09C67-FEB1-307F-BAA0-C591153C66F4}.Debug|x64.ActiveCfg = Debug|x64
		{D1A09C67-FEB1-307F-BAA0-C591153C66F4}.Debug|x64.Build.0 = Debug|x64
		{D1A09C67-FEB1-307F-BAA0-C591153C66F4}.Release|x64.ActiveCfg = Release|x64
		{D1A09C67-FEB1-307F-BAA0-C591153C66F4}.Release|x64.Build.0 = Release|x64
		{D1A09C67-FEB1-307F-BAA0-C591153C66F4}.MinSizeRel|x64.ActiveCfg = MinSizeRel|x64
		{D1A09C67-FEB1-307F-BAA0-C591153C66F4}.MinSizeRel|x64.Build.0 = MinSizeRel|x64
		{D1A09C67-FEB1-307F-BAA0-C591153C66F4}.RelWithDebInfo|x64.ActiveCfg = RelWithDebInfo|x64
		{D1A09C67-FEB1-307F-BAA0-C591153C66F4}.RelWithDebInfo|x64.Build.0 = RelWithDebInfo|x64
		{1712C417-B0B1-39E6-BA37-126530F22582}.Debug|x64.ActiveCfg = Debug|x64
		{1712C417-B0B1-39E6-BA37-126530F22582}.Debug|x64.Build.0 = Debug|x64
		{1712C417-B0B1-39E6-BA37-126530F22582}.Release|x64.ActiveCfg = Release|x64
		{1712C417-B0B1-39E6-BA37-126530F22582}.Release|x64.Build.0 = Release|x64
		{1712C417-B0B1-39E6-BA37-126530F22582}.MinSizeRel|x64.ActiveCfg = MinSizeRel|x64
		{1712C417-B0B1-39E6-BA37-126530F22582}.MinSizeRel|x64.Build.0 = MinSizeRel|x64
		{1712C417-B0B1-39E6-BA37-126530F22582}.RelWithDebInfo|x64.ActiveCfg = RelWithDebInfo|x64
		{1712C417-B0B1-39E6-BA37-126530F22582}.RelWithDebInfo|x64.Build.0 = RelWithDebInfo|x64
		{277AA339-FDB3-31E5-A1FB-1391B7787215}.Debug|x64.ActiveCfg = Debug|x64
		{277AA339-FDB3-31E5-A1FB-1391B7787215}.Debug|x64.Build.0 = Debug|x64
		{277AA339-FDB3-31E5-A1FB-1391B7787215}.Release|x64.ActiveCfg = Release|x64
		{277AA339-FDB3-31E5-A1FB-1391B7787215}.Release|x64.Build.0 = Release|x64
		{277AA339-FDB3-31E5-A1FB-1391B7787215}.MinSizeRel|x64.ActiveCfg = MinSizeRel|x64
		{277AA339-FDB3-31E5-A1FB-1391B7787215}.MinSizeRel|x64.Build.0 = MinSizeRel|x64
		{277AA339-FDB3-31E5-A1FB-1391B7787215}.RelWithDebInfo|x64.ActiveCfg = RelWithDebInfo|x64
		{277AA339-FDB3-31E5-A1FB-1391B7787215}.RelWithDebInfo|x64.Build.0 = RelWithDebInfo|x64
		{7AB39456-4AB5-35E7-8169-23D8B536D7EC}.Debug|x64.ActiveCfg = Debug|x64
		{7AB39456-4AB5-35E7-8169-23D8B536D7EC}.Debug|x64.Build.0 = Debug|x64
		{7AB39456-4AB5-35E7-8169-23D8B536D7EC}.Release|x64.ActiveCfg = Release|x64
		{7AB39456-4AB5-35E7-8169-23D8B536D7EC}.Release|x64.Build.0 = Release|x64
		{7AB39456-4AB5-35E7-8169-23D8B536D7EC}.MinSizeRel|x64.ActiveCfg = MinSizeRel|x64
		{7AB39456-4AB5-35E7-8169-23D8B536D7EC}.MinSizeRel|x64.Build.0 = MinSizeRel|x64
		{7AB39456-4AB5-35E7-8169-23D8B536D7EC}.RelWithDebInfo|x64.ActiveCfg = RelWithDebInfo|x64
		{7AB39456-4AB5-35E7-8169-23D8B536D7EC}.RelWithDebInfo|x64.Build.0 = RelWithDebInfo|x64
		{A3E77F28-C3B9-3D13-B9B6-BFB374FE6FA4}.Debug|x64.ActiveCfg = Debug|x64
		{A3E77F28-C3B9-3D13-B9B6-BFB374FE6FA4}.Debug|x64.Build.0 = Debug|x64
		{A3E77F28-C3B9-3D13-B9B6-BFB374FE6FA4}.Release|x64.ActiveCfg = Release|x64
		{A3E77F28-C3B9-3D13-B9B6-BFB374FE6FA4}.Release|x64.Build.0 = Release|x64
		{A3E77F28-C3B9-3D13-B9B6-BFB374FE6FA4}.MinSizeRel|x64.ActiveCfg = MinSizeRel|x64
		{A3E77F28-C3B9-3D13-B9B6-BFB374FE6FA4}.MinSizeRel|x64.Build.0 = MinSizeRel|x64
		{A3E77F28-C3B9-3D13-B9B6-BFB374FE6FA4}.RelWithDebInfo|x64.ActiveCfg = RelWithDebInfo|x64
		{A3E77F28-C3B9-3D13-B9B6-BFB374FE6FA4}.RelWithDebInfo|x64.Build.0 = RelWithDebInfo|x64
		{6BA00393-5ECA-38F8-B487-BC3A7112498E}.Debug|x64.ActiveCfg = Debug|x64
		{6BA00393-5ECA-38F8-B487-BC3A7112498E}.Debug|x64.Build.0 = Debug|x64
		{6BA00393-5ECA-38F8-B487-BC3A7112498E}.Release|x64.ActiveCfg = Release|x64
		{6BA00393-5ECA-38F8-B487-BC3A7112498E}.Release|x64.Build.0 = Release|x64
		{6BA00393-5ECA-38F8-B487-BC3A7112498E}.MinSizeRel|x64.ActiveCfg = MinSizeRel|x64
		{6BA00393-5ECA-38F8-B487-BC3A7112498E}.MinSizeRel|x64.Build.0 = MinSizeRel|x64
		{6BA00393-5ECA-38F8-B487-BC3A7112498E}.RelWithDebInfo|x64.ActiveCfg = RelWithDebInfo|x64
		{6BA00393-5ECA-38F8-B487-BC3A7112498E}.RelWithDebInfo|x64.Build.0 = RelWithDebInfo|x64
		{358035EE-4466-36E5-AD04-ECD7FADD4D09}.Debug|x64.ActiveCfg = Debug|x64
		{358035EE-4466-36E5-AD04-ECD7FADD4D09}.Debug|x64.Build.0 = Debug|x64
		{358035EE-4466-36E5-AD04-ECD7FADD4D09}.Release|x64.ActiveCfg = Release|x64
		{358035EE-4466-36E5-AD04-ECD7FADD4D09}.Release|x64.Build.0 = Release|x64
		{358035EE-4466-36E5-AD04-ECD7FADD4D09}.MinSizeRel|x64.ActiveCfg = MinSizeRel|x64
		{358035EE-4466-36E5-AD04-ECD7FADD4D09}.MinSizeRel|x64.Build.0 = MinSizeRel|x64
		{358035EE-4466-36E5-AD04-ECD7FADD4D09}.RelWithDebInfo|x64.ActiveCfg = RelWithDebInfo|x64
		{358035EE-4466-36E5-AD04-ECD7FADD4D09}.RelWithDebInfo|x64.Build.0 = RelWithDebInfo|x64
		{B28E0E07-0F4F-36BA-BA27-EC81D17118AF}.Debug|x64.ActiveCfg = Debug|x64
		{B28E0E07-0F4F-36BA-BA27-EC81D17118AF}.Debug|x64.Build.0 = Debug|x64
		{B28E0E07-0F4F-36BA-BA27-EC81D17118AF}.Release|x64.ActiveCfg = Release|x64
		{B28E0E07-0F4F-36BA-BA27-EC81D17118AF}.Release|x64.Build.0 = Release|x64
		{B28E0E07-0F4F-36BA-BA27-EC81D17118AF}.MinSizeRel|x64.ActiveCfg = MinSizeRel|x64
		{B28E0E07-0F4F-36BA-BA27-EC81D17118AF}.MinSizeRel|x64.Build.0 = MinSizeRel|x64
		{B28E0E07-0F4F-36BA-BA27-EC81D17118AF}.RelWithDebInfo|x64.ActiveCfg = RelWithDebInfo|x64
		{B28E0E07-0F4F-36BA-BA27-EC81D17118AF}.RelWithDebInfo|x64.Build.0 = RelWithDebInfo|x64
		{C742800C-1F32-36E6-81C4-AE4982BEFE81}.Debug|x64.ActiveCfg = Debug|x64
		{C742800C-1F32-36E6-81C4-AE4982BEFE81}.Debug|x64.Build.0 = Debug|x64
		{C742800C-1F32-36E6-81C4-AE4982BEFE81}.Release|x64.ActiveCfg = Release|x64
		{C742800C-1F32-36E6-81C4-AE4982BEFE81}.Release|x64.Build.0 = Release|x64
		{C742800C-1F32-36E6-81C4-AE4982BEFE81}.MinSizeRel|x64.ActiveCfg = MinSizeRel|x64
		{C742800C-1F32-36E6-81C4-AE4982BEFE81}.MinSizeRel|x64.Build.0 = MinSizeRel|x64
		{C742800C-1F32-36E6-81C4-AE4982BEFE81}.RelWithDebInfo|x64.ActiveCfg = RelWithDebInfo|x64
		{C742800C-1F32-36E6-81C4-AE4982BEFE81}.RelWithDebInfo|x64.Build.0 = RelWithDebInfo|x64
		{F87C8E37-06B3-3B87-8185-06D10B0A0772}.Debug|x64.ActiveCfg = Debug|x64
		{F87C8E37-06B3-3B87-8185-06D10B0A0772}.Debug|x64.Build.0 = Debug|x64
		{F87C8E37-06B3-3B87-8185-06D10B0A0772}.Release|x64.ActiveCfg = Release|x64
		{F87C8E37-06B3-3B87-8185-06D10B0A0772}.Release|x64.Build.0 = Release|x64
		{F87C8E37-06B3-3B87-8185-06D10B0A0772}.MinSizeRel|x64.ActiveCfg = MinSizeRel|x64
		{F87C8E37-06B3-3B87-8185-06D10B0A0772}.MinSizeRel|x64.Build.0 = MinSizeRel|x64
		{F87C8E37-06B3-3B87-8185-06D10B0A0772}.RelWithDebInfo|x64.ActiveCfg = RelWithDebInfo|x64
		{F87C8E37-06B3-3B87-8185-06D10B0A0772}.RelWithDebInfo|x64.Build.0 = RelWithDebInfo|x64
		{2214D568-4B1C-3C61-99E3-CEDADB054698}.Debug|x64.ActiveCfg = Debug|x64
		{2214D568-4B1C-3C61-99E3-CEDADB054698}.Debug|x64.Build.0 = Debug|x64
		{2214D568-4B1C-3C61-99E3-CEDADB054698}.Release|x64.ActiveCfg = Release|x64
		{2214D568-4B1C-3C61-99E3-CEDADB054698}.Release|x64.Build.0 = Release|x64
		{2214D568-4B1C-3C61-99E3-CEDADB054698}.MinSizeRel|x64.ActiveCfg = MinSizeRel|x64
		{2214D568-4B1C-3C61-99E3-CEDADB054698}.MinSizeRel|x64.Build.0 = MinSizeRel|x64
		{2214D568-4B1C-3C61-99E3-CEDADB054698}.RelWithDebInfo|x64.ActiveCfg = RelWithDebInfo|x64
		{2214D568-4B1C-3C61-99E3-CEDADB054698}.RelWithDebInfo|x64.Build.0 = RelWithDebInfo|x64
		{FE4052BA-76C9-3786-8EFF-96268DB3740A}.Debug|x64.ActiveCfg = Debug|x64
		{FE4052BA-76C9-3786-8EFF-96268DB3740A}.Debug|x64.Build.0 = Debug|x64
		{FE4052BA-76C9-3786-8EFF-96268DB3740A}.Release|x64.ActiveCfg = Release|x64
		{FE4052BA-76C9-3786-8EFF-96268DB3740A}.Release|x64.Build.0 = Release|x64
		{FE4052BA-76C9-3786-8EFF-96268DB3740A}.MinSizeRel|x64.ActiveCfg = MinSizeRel|x64
		{FE4052BA-76C9-3786-8EFF-96268DB3740A}.MinSizeRel|x64.Build.0 = MinSizeRel|x64
		{FE4052BA-76C9-3786-8EFF-96268DB3740A}.RelWithDebInfo|x64.ActiveCfg = RelWithDebInfo|x64
		{FE4052BA-76C9-3786-8EFF-96268DB3740A}.RelWithDebInfo|x64.Build.0 = RelWithDebInfo|x64
		{C3DDABFF-5FE5-339A-9A08-87D60B2823FA}.Debug|x64.ActiveCfg = Debug|x64
		{C3DDABFF-5FE5-339A-9A08-87D60B2823FA}.Debug|x64.Build.0 = Debug|x64
		{C3DDABFF-5FE5-339A-9A08-87D60B2823FA}.Release|x64.ActiveCfg = Release|x64
		{C3DDABFF-5FE5-339A-9A08-87D60B2823FA}.Release|x64.Build.0 = Release|x64
		{C3DDABFF-5FE5-339A-9A08-87D60B2823FA}.MinSizeRel|x64.ActiveCfg = MinSizeRel|x64
		{C3DDABFF-5FE5-339A-9A08-87D60B2823FA}.MinSizeRel|x64.Build.0 = MinSizeRel|x64
		{C3DDABFF-5FE5-339A-9A08-87D60B2823FA}.RelWithDebInfo|x64.ActiveCfg = RelWithDebInfo|x64
		{C3DDABFF-5FE5-339A-9A08-87D60B2823FA}.RelWithDebInfo|x64.Build.0 = RelWithDebInfo|x64
	EndGlobalSection
	GlobalSection(ExtensibilityGlobals) = postSolution
		SolutionGuid = {B8E52A34-0FC6-31B6-99E7-30D45D4B51CA}
	EndGlobalSection
	GlobalSection(ExtensibilityAddIns) = postSolution
	EndGlobalSection
EndGlobal
