<?xml version="1.0" encoding="utf-8"?>
<Project ToolsVersion="17.0" xmlns="http://schemas.microsoft.com/developer/msbuild/2003">
  <ItemGroup>
    <ClCompile Include="F:\CSGD_Solutions\CSGD_CGII_vs2022\src\1.question\7.0.lighting_maps_specular_map\lighting_maps_specular.cpp">
      <Filter>Source Files</Filter>
    </ClCompile>
  </ItemGroup>
  <ItemGroup>
    <CustomBuild Include="F:\CSGD_Solutions\CSGD_CGII_vs2022\CMakeLists.txt" />
  </ItemGroup>
  <ItemGroup>
    <None Include="F:\CSGD_Solutions\CSGD_CGII_vs2022\src\1.question\7.0.lighting_maps_specular_map\4.2.light_cube.fs" />
    <None Include="F:\CSGD_Solutions\CSGD_CGII_vs2022\src\1.question\7.0.lighting_maps_specular_map\4.2.light_cube.vs" />
    <None Include="F:\CSGD_Solutions\CSGD_CGII_vs2022\src\1.question\7.0.lighting_maps_specular_map\4.2.lighting_maps.fs" />
    <None Include="F:\CSGD_Solutions\CSGD_CGII_vs2022\src\1.question\7.0.lighting_maps_specular_map\4.2.lighting_maps.vs" />
  </ItemGroup>
  <ItemGroup>
    <Filter Include="Source Files">
      <UniqueIdentifier>{69D8C172-C09A-3A82-94FC-56960CA57F9A}</UniqueIdentifier>
    </Filter>
  </ItemGroup>
</Project>
