
Microsoft Visual Studio Solution File, Format Version 12.00
# Visual Studio Version 17
Project("{8BC9CEB8-8B4A-11D0-8D11-00A0C91BC942}") = "ALL_BUILD", "ALL_BUILD.vcxproj", "{EBA17C68-31FF-3FD8-9A33-F6BA12B24A22}"
	ProjectSection(ProjectDependencies) = postProject
		{F5A43F6F-41B2-30B5-8F24-C5BE36D656A3} = {F5A43F6F-41B2-30B5-8F24-C5BE36D656A3}
		{ACB71CBA-9B80-3246-AA0E-373163DEC879} = {ACB71CBA-9B80-3246-AA0E-373163DEC879}
		{7ECDD7B8-8D17-33AD-9C04-E6671B13FFB8} = {7ECDD7B8-8D17-33AD-9C04-E6671B13FFB8}
		{B8DEFFBF-F48B-30FF-A891-2B072839A584} = {B8DEFFBF-F48B-30FF-A891-2B072839A584}
		{CD23D8B8-3AE6-33B7-9977-6632D739CA7B} = {CD23D8B8-3AE6-33B7-9977-6632D739CA7B}
		{2C3C1425-15F9-3193-A183-6D5B2918AEB9} = {2C3C1425-15F9-3193-A183-6D5B2918AEB9}
		{53FB4A46-102C-3F62-96CB-236165828B40} = {53FB4A46-102C-3F62-96CB-236165828B40}
		{D0819237-D2A8-365F-AF8A-8684C3C23879} = {D0819237-D2A8-365F-AF8A-8684C3C23879}
		{D69C6CA4-23FF-39D3-A973-AB66E382A3B3} = {D69C6CA4-23FF-39D3-A973-AB66E382A3B3}
		{E4FD396F-C5FE-34C4-AEDC-140CBE340083} = {E4FD396F-C5FE-34C4-AEDC-140CBE340083}
		{2538D87B-CA64-37FA-849F-6DB4FFE2C3B2} = {2538D87B-CA64-37FA-849F-6DB4FFE2C3B2}
		{6423772A-A508-37F9-97C3-9F2E552F3914} = {6423772A-A508-37F9-97C3-9F2E552F3914}
		{A3FBC4B8-49CE-3642-B86D-45979EF9F4B6} = {A3FBC4B8-49CE-3642-B86D-45979EF9F4B6}
	EndProjectSection
EndProject
Project("{8BC9CEB8-8B4A-11D0-8D11-00A0C91BC942}") = "1.question__1.0.square_fragment_interpolation", "1.question__1.0.square_fragment_interpolation.vcxproj", "{F5A43F6F-41B2-30B5-8F24-C5BE36D656A3}"
	ProjectSection(ProjectDependencies) = postProject
		{2538D87B-CA64-37FA-849F-6DB4FFE2C3B2} = {2538D87B-CA64-37FA-849F-6DB4FFE2C3B2}
		{6423772A-A508-37F9-97C3-9F2E552F3914} = {6423772A-A508-37F9-97C3-9F2E552F3914}
		{A3FBC4B8-49CE-3642-B86D-45979EF9F4B6} = {A3FBC4B8-49CE-3642-B86D-45979EF9F4B6}
	EndProjectSection
EndProject
Project("{8BC9CEB8-8B4A-11D0-8D11-00A0C91BC942}") = "1.question__10.0.shadow_mapping", "1.question__10.0.shadow_mapping.vcxproj", "{ACB71CBA-9B80-3246-AA0E-373163DEC879}"
	ProjectSection(ProjectDependencies) = postProject
		{2538D87B-CA64-37FA-849F-6DB4FFE2C3B2} = {2538D87B-CA64-37FA-849F-6DB4FFE2C3B2}
		{6423772A-A508-37F9-97C3-9F2E552F3914} = {6423772A-A508-37F9-97C3-9F2E552F3914}
		{A3FBC4B8-49CE-3642-B86D-45979EF9F4B6} = {A3FBC4B8-49CE-3642-B86D-45979EF9F4B6}
	EndProjectSection
EndProject
Project("{8BC9CEB8-8B4A-11D0-8D11-00A0C91BC942}") = "1.question__2.0.textures_sampling", "1.question__2.0.textures_sampling.vcxproj", "{7ECDD7B8-8D17-33AD-9C04-E6671B13FFB8}"
	ProjectSection(ProjectDependencies) = postProject
		{2538D87B-CA64-37FA-849F-6DB4FFE2C3B2} = {2538D87B-CA64-37FA-849F-6DB4FFE2C3B2}
		{6423772A-A508-37F9-97C3-9F2E552F3914} = {6423772A-A508-37F9-97C3-9F2E552F3914}
		{A3FBC4B8-49CE-3642-B86D-45979EF9F4B6} = {A3FBC4B8-49CE-3642-B86D-45979EF9F4B6}
	EndProjectSection
EndProject
Project("{8BC9CEB8-8B4A-11D0-8D11-00A0C91BC942}") = "1.question__3.0.cubes_transformations", "1.question__3.0.cubes_transformations.vcxproj", "{B8DEFFBF-F48B-30FF-A891-2B072839A584}"
	ProjectSection(ProjectDependencies) = postProject
		{2538D87B-CA64-37FA-849F-6DB4FFE2C3B2} = {2538D87B-CA64-37FA-849F-6DB4FFE2C3B2}
		{6423772A-A508-37F9-97C3-9F2E552F3914} = {6423772A-A508-37F9-97C3-9F2E552F3914}
		{A3FBC4B8-49CE-3642-B86D-45979EF9F4B6} = {A3FBC4B8-49CE-3642-B86D-45979EF9F4B6}
	EndProjectSection
EndProject
Project("{8BC9CEB8-8B4A-11D0-8D11-00A0C91BC942}") = "1.question__4.0.cubes_camera_class", "1.question__4.0.cubes_camera_class.vcxproj", "{CD23D8B8-3AE6-33B7-9977-6632D739CA7B}"
	ProjectSection(ProjectDependencies) = postProject
		{2538D87B-CA64-37FA-849F-6DB4FFE2C3B2} = {2538D87B-CA64-37FA-849F-6DB4FFE2C3B2}
		{6423772A-A508-37F9-97C3-9F2E552F3914} = {6423772A-A508-37F9-97C3-9F2E552F3914}
		{A3FBC4B8-49CE-3642-B86D-45979EF9F4B6} = {A3FBC4B8-49CE-3642-B86D-45979EF9F4B6}
	EndProjectSection
EndProject
Project("{8BC9CEB8-8B4A-11D0-8D11-00A0C91BC942}") = "1.question__5.0.phongs_lighting_model", "1.question__5.0.phongs_lighting_model.vcxproj", "{2C3C1425-15F9-3193-A183-6D5B2918AEB9}"
	ProjectSection(ProjectDependencies) = postProject
		{2538D87B-CA64-37FA-849F-6DB4FFE2C3B2} = {2538D87B-CA64-37FA-849F-6DB4FFE2C3B2}
		{6423772A-A508-37F9-97C3-9F2E552F3914} = {6423772A-A508-37F9-97C3-9F2E552F3914}
		{A3FBC4B8-49CE-3642-B86D-45979EF9F4B6} = {A3FBC4B8-49CE-3642-B86D-45979EF9F4B6}
	EndProjectSection
EndProject
Project("{8BC9CEB8-8B4A-11D0-8D11-00A0C91BC942}") = "1.question__6.0.materials_properties", "1.question__6.0.materials_properties.vcxproj", "{53FB4A46-102C-3F62-96CB-236165828B40}"
	ProjectSection(ProjectDependencies) = postProject
		{2538D87B-CA64-37FA-849F-6DB4FFE2C3B2} = {2538D87B-CA64-37FA-849F-6DB4FFE2C3B2}
		{6423772A-A508-37F9-97C3-9F2E552F3914} = {6423772A-A508-37F9-97C3-9F2E552F3914}
		{A3FBC4B8-49CE-3642-B86D-45979EF9F4B6} = {A3FBC4B8-49CE-3642-B86D-45979EF9F4B6}
	EndProjectSection
EndProject
Project("{8BC9CEB8-8B4A-11D0-8D11-00A0C91BC942}") = "1.question__7.0.lighting_maps_specular_map", "1.question__7.0.lighting_maps_specular_map.vcxproj", "{D0819237-D2A8-365F-AF8A-8684C3C23879}"
	ProjectSection(ProjectDependencies) = postProject
		{2538D87B-CA64-37FA-849F-6DB4FFE2C3B2} = {2538D87B-CA64-37FA-849F-6DB4FFE2C3B2}
		{6423772A-A508-37F9-97C3-9F2E552F3914} = {6423772A-A508-37F9-97C3-9F2E552F3914}
		{A3FBC4B8-49CE-3642-B86D-45979EF9F4B6} = {A3FBC4B8-49CE-3642-B86D-45979EF9F4B6}
	EndProjectSection
EndProject
Project("{8BC9CEB8-8B4A-11D0-8D11-00A0C91BC942}") = "1.question__8.0.multiple_lights", "1.question__8.0.multiple_lights.vcxproj", "{D69C6CA4-23FF-39D3-A973-AB66E382A3B3}"
	ProjectSection(ProjectDependencies) = postProject
		{2538D87B-CA64-37FA-849F-6DB4FFE2C3B2} = {2538D87B-CA64-37FA-849F-6DB4FFE2C3B2}
		{6423772A-A508-37F9-97C3-9F2E552F3914} = {6423772A-A508-37F9-97C3-9F2E552F3914}
		{A3FBC4B8-49CE-3642-B86D-45979EF9F4B6} = {A3FBC4B8-49CE-3642-B86D-45979EF9F4B6}
	EndProjectSection
EndProject
Project("{8BC9CEB8-8B4A-11D0-8D11-00A0C91BC942}") = "1.question__9.0.model_loading", "1.question__9.0.model_loading.vcxproj", "{E4FD396F-C5FE-34C4-AEDC-140CBE340083}"
	ProjectSection(ProjectDependencies) = postProject
		{2538D87B-CA64-37FA-849F-6DB4FFE2C3B2} = {2538D87B-CA64-37FA-849F-6DB4FFE2C3B2}
		{6423772A-A508-37F9-97C3-9F2E552F3914} = {6423772A-A508-37F9-97C3-9F2E552F3914}
		{A3FBC4B8-49CE-3642-B86D-45979EF9F4B6} = {A3FBC4B8-49CE-3642-B86D-45979EF9F4B6}
	EndProjectSection
EndProject
Project("{8BC9CEB8-8B4A-11D0-8D11-00A0C91BC942}") = "GLAD", "GLAD.vcxproj", "{2538D87B-CA64-37FA-849F-6DB4FFE2C3B2}"
	ProjectSection(ProjectDependencies) = postProject
		{A3FBC4B8-49CE-3642-B86D-45979EF9F4B6} = {A3FBC4B8-49CE-3642-B86D-45979EF9F4B6}
	EndProjectSection
EndProject
Project("{8BC9CEB8-8B4A-11D0-8D11-00A0C91BC942}") = "STB_IMAGE", "STB_IMAGE.vcxproj", "{6423772A-A508-37F9-97C3-9F2E552F3914}"
	ProjectSection(ProjectDependencies) = postProject
		{A3FBC4B8-49CE-3642-B86D-45979EF9F4B6} = {A3FBC4B8-49CE-3642-B86D-45979EF9F4B6}
	EndProjectSection
EndProject
Project("{8BC9CEB8-8B4A-11D0-8D11-00A0C91BC942}") = "ZERO_CHECK", "ZERO_CHECK.vcxproj", "{A3FBC4B8-49CE-3642-B86D-45979EF9F4B6}"
	ProjectSection(ProjectDependencies) = postProject
	EndProjectSection
EndProject
Global
	GlobalSection(SolutionConfigurationPlatforms) = preSolution
		Debug|x64 = Debug|x64
		Release|x64 = Release|x64
		MinSizeRel|x64 = MinSizeRel|x64
		RelWithDebInfo|x64 = RelWithDebInfo|x64
	EndGlobalSection
	GlobalSection(ProjectConfigurationPlatforms) = postSolution
		{EBA17C68-31FF-3FD8-9A33-F6BA12B24A22}.Debug|x64.ActiveCfg = Debug|x64
		{EBA17C68-31FF-3FD8-9A33-F6BA12B24A22}.Release|x64.ActiveCfg = Release|x64
		{EBA17C68-31FF-3FD8-9A33-F6BA12B24A22}.MinSizeRel|x64.ActiveCfg = MinSizeRel|x64
		{EBA17C68-31FF-3FD8-9A33-F6BA12B24A22}.RelWithDebInfo|x64.ActiveCfg = RelWithDebInfo|x64
		{F5A43F6F-41B2-30B5-8F24-C5BE36D656A3}.Debug|x64.ActiveCfg = Debug|x64
		{F5A43F6F-41B2-30B5-8F24-C5BE36D656A3}.Debug|x64.Build.0 = Debug|x64
		{F5A43F6F-41B2-30B5-8F24-C5BE36D656A3}.Release|x64.ActiveCfg = Release|x64
		{F5A43F6F-41B2-30B5-8F24-C5BE36D656A3}.Release|x64.Build.0 = Release|x64
		{F5A43F6F-41B2-30B5-8F24-C5BE36D656A3}.MinSizeRel|x64.ActiveCfg = MinSizeRel|x64
		{F5A43F6F-41B2-30B5-8F24-C5BE36D656A3}.MinSizeRel|x64.Build.0 = MinSizeRel|x64
		{F5A43F6F-41B2-30B5-8F24-C5BE36D656A3}.RelWithDebInfo|x64.ActiveCfg = RelWithDebInfo|x64
		{F5A43F6F-41B2-30B5-8F24-C5BE36D656A3}.RelWithDebInfo|x64.Build.0 = RelWithDebInfo|x64
		{ACB71CBA-9B80-3246-AA0E-373163DEC879}.Debug|x64.ActiveCfg = Debug|x64
		{ACB71CBA-9B80-3246-AA0E-373163DEC879}.Debug|x64.Build.0 = Debug|x64
		{ACB71CBA-9B80-3246-AA0E-373163DEC879}.Release|x64.ActiveCfg = Release|x64
		{ACB71CBA-9B80-3246-AA0E-373163DEC879}.Release|x64.Build.0 = Release|x64
		{ACB71CBA-9B80-3246-AA0E-373163DEC879}.MinSizeRel|x64.ActiveCfg = MinSizeRel|x64
		{ACB71CBA-9B80-3246-AA0E-373163DEC879}.MinSizeRel|x64.Build.0 = MinSizeRel|x64
		{ACB71CBA-9B80-3246-AA0E-373163DEC879}.RelWithDebInfo|x64.ActiveCfg = RelWithDebInfo|x64
		{ACB71CBA-9B80-3246-AA0E-373163DEC879}.RelWithDebInfo|x64.Build.0 = RelWithDebInfo|x64
		{7ECDD7B8-8D17-33AD-9C04-E6671B13FFB8}.Debug|x64.ActiveCfg = Debug|x64
		{7ECDD7B8-8D17-33AD-9C04-E6671B13FFB8}.Debug|x64.Build.0 = Debug|x64
		{7ECDD7B8-8D17-33AD-9C04-E6671B13FFB8}.Release|x64.ActiveCfg = Release|x64
		{7ECDD7B8-8D17-33AD-9C04-E6671B13FFB8}.Release|x64.Build.0 = Release|x64
		{7ECDD7B8-8D17-33AD-9C04-E6671B13FFB8}.MinSizeRel|x64.ActiveCfg = MinSizeRel|x64
		{7ECDD7B8-8D17-33AD-9C04-E6671B13FFB8}.MinSizeRel|x64.Build.0 = MinSizeRel|x64
		{7ECDD7B8-8D17-33AD-9C04-E6671B13FFB8}.RelWithDebInfo|x64.ActiveCfg = RelWithDebInfo|x64
		{7ECDD7B8-8D17-33AD-9C04-E6671B13FFB8}.RelWithDebInfo|x64.Build.0 = RelWithDebInfo|x64
		{B8DEFFBF-F48B-30FF-A891-2B072839A584}.Debug|x64.ActiveCfg = Debug|x64
		{B8DEFFBF-F48B-30FF-A891-2B072839A584}.Debug|x64.Build.0 = Debug|x64
		{B8DEFFBF-F48B-30FF-A891-2B072839A584}.Release|x64.ActiveCfg = Release|x64
		{B8DEFFBF-F48B-30FF-A891-2B072839A584}.Release|x64.Build.0 = Release|x64
		{B8DEFFBF-F48B-30FF-A891-2B072839A584}.MinSizeRel|x64.ActiveCfg = MinSizeRel|x64
		{B8DEFFBF-F48B-30FF-A891-2B072839A584}.MinSizeRel|x64.Build.0 = MinSizeRel|x64
		{B8DEFFBF-F48B-30FF-A891-2B072839A584}.RelWithDebInfo|x64.ActiveCfg = RelWithDebInfo|x64
		{B8DEFFBF-F48B-30FF-A891-2B072839A584}.RelWithDebInfo|x64.Build.0 = RelWithDebInfo|x64
		{CD23D8B8-3AE6-33B7-9977-6632D739CA7B}.Debug|x64.ActiveCfg = Debug|x64
		{CD23D8B8-3AE6-33B7-9977-6632D739CA7B}.Debug|x64.Build.0 = Debug|x64
		{CD23D8B8-3AE6-33B7-9977-6632D739CA7B}.Release|x64.ActiveCfg = Release|x64
		{CD23D8B8-3AE6-33B7-9977-6632D739CA7B}.Release|x64.Build.0 = Release|x64
		{CD23D8B8-3AE6-33B7-9977-6632D739CA7B}.MinSizeRel|x64.ActiveCfg = MinSizeRel|x64
		{CD23D8B8-3AE6-33B7-9977-6632D739CA7B}.MinSizeRel|x64.Build.0 = MinSizeRel|x64
		{CD23D8B8-3AE6-33B7-9977-6632D739CA7B}.RelWithDebInfo|x64.ActiveCfg = RelWithDebInfo|x64
		{CD23D8B8-3AE6-33B7-9977-6632D739CA7B}.RelWithDebInfo|x64.Build.0 = RelWithDebInfo|x64
		{2C3C1425-15F9-3193-A183-6D5B2918AEB9}.Debug|x64.ActiveCfg = Debug|x64
		{2C3C1425-15F9-3193-A183-6D5B2918AEB9}.Debug|x64.Build.0 = Debug|x64
		{2C3C1425-15F9-3193-A183-6D5B2918AEB9}.Release|x64.ActiveCfg = Release|x64
		{2C3C1425-15F9-3193-A183-6D5B2918AEB9}.Release|x64.Build.0 = Release|x64
		{2C3C1425-15F9-3193-A183-6D5B2918AEB9}.MinSizeRel|x64.ActiveCfg = MinSizeRel|x64
		{2C3C1425-15F9-3193-A183-6D5B2918AEB9}.MinSizeRel|x64.Build.0 = MinSizeRel|x64
		{2C3C1425-15F9-3193-A183-6D5B2918AEB9}.RelWithDebInfo|x64.ActiveCfg = RelWithDebInfo|x64
		{2C3C1425-15F9-3193-A183-6D5B2918AEB9}.RelWithDebInfo|x64.Build.0 = RelWithDebInfo|x64
		{53FB4A46-102C-3F62-96CB-236165828B40}.Debug|x64.ActiveCfg = Debug|x64
		{53FB4A46-102C-3F62-96CB-236165828B40}.Debug|x64.Build.0 = Debug|x64
		{53FB4A46-102C-3F62-96CB-236165828B40}.Release|x64.ActiveCfg = Release|x64
		{53FB4A46-102C-3F62-96CB-236165828B40}.Release|x64.Build.0 = Release|x64
		{53FB4A46-102C-3F62-96CB-236165828B40}.MinSizeRel|x64.ActiveCfg = MinSizeRel|x64
		{53FB4A46-102C-3F62-96CB-236165828B40}.MinSizeRel|x64.Build.0 = MinSizeRel|x64
		{53FB4A46-102C-3F62-96CB-236165828B40}.RelWithDebInfo|x64.ActiveCfg = RelWithDebInfo|x64
		{53FB4A46-102C-3F62-96CB-236165828B40}.RelWithDebInfo|x64.Build.0 = RelWithDebInfo|x64
		{D0819237-D2A8-365F-AF8A-8684C3C23879}.Debug|x64.ActiveCfg = Debug|x64
		{D0819237-D2A8-365F-AF8A-8684C3C23879}.Debug|x64.Build.0 = Debug|x64
		{D0819237-D2A8-365F-AF8A-8684C3C23879}.Release|x64.ActiveCfg = Release|x64
		{D0819237-D2A8-365F-AF8A-8684C3C23879}.Release|x64.Build.0 = Release|x64
		{D0819237-D2A8-365F-AF8A-8684C3C23879}.MinSizeRel|x64.ActiveCfg = MinSizeRel|x64
		{D0819237-D2A8-365F-AF8A-8684C3C23879}.MinSizeRel|x64.Build.0 = MinSizeRel|x64
		{D0819237-D2A8-365F-AF8A-8684C3C23879}.RelWithDebInfo|x64.ActiveCfg = RelWithDebInfo|x64
		{D0819237-D2A8-365F-AF8A-8684C3C23879}.RelWithDebInfo|x64.Build.0 = RelWithDebInfo|x64
		{D69C6CA4-23FF-39D3-A973-AB66E382A3B3}.Debug|x64.ActiveCfg = Debug|x64
		{D69C6CA4-23FF-39D3-A973-AB66E382A3B3}.Debug|x64.Build.0 = Debug|x64
		{D69C6CA4-23FF-39D3-A973-AB66E382A3B3}.Release|x64.ActiveCfg = Release|x64
		{D69C6CA4-23FF-39D3-A973-AB66E382A3B3}.Release|x64.Build.0 = Release|x64
		{D69C6CA4-23FF-39D3-A973-AB66E382A3B3}.MinSizeRel|x64.ActiveCfg = MinSizeRel|x64
		{D69C6CA4-23FF-39D3-A973-AB66E382A3B3}.MinSizeRel|x64.Build.0 = MinSizeRel|x64
		{D69C6CA4-23FF-39D3-A973-AB66E382A3B3}.RelWithDebInfo|x64.ActiveCfg = RelWithDebInfo|x64
		{D69C6CA4-23FF-39D3-A973-AB66E382A3B3}.RelWithDebInfo|x64.Build.0 = RelWithDebInfo|x64
		{E4FD396F-C5FE-34C4-AEDC-140CBE340083}.Debug|x64.ActiveCfg = Debug|x64
		{E4FD396F-C5FE-34C4-AEDC-140CBE340083}.Debug|x64.Build.0 = Debug|x64
		{E4FD396F-C5FE-34C4-AEDC-140CBE340083}.Release|x64.ActiveCfg = Release|x64
		{E4FD396F-C5FE-34C4-AEDC-140CBE340083}.Release|x64.Build.0 = Release|x64
		{E4FD396F-C5FE-34C4-AEDC-140CBE340083}.MinSizeRel|x64.ActiveCfg = MinSizeRel|x64
		{E4FD396F-C5FE-34C4-AEDC-140CBE340083}.MinSizeRel|x64.Build.0 = MinSizeRel|x64
		{E4FD396F-C5FE-34C4-AEDC-140CBE340083}.RelWithDebInfo|x64.ActiveCfg = RelWithDebInfo|x64
		{E4FD396F-C5FE-34C4-AEDC-140CBE340083}.RelWithDebInfo|x64.Build.0 = RelWithDebInfo|x64
		{2538D87B-CA64-37FA-849F-6DB4FFE2C3B2}.Debug|x64.ActiveCfg = Debug|x64
		{2538D87B-CA64-37FA-849F-6DB4FFE2C3B2}.Debug|x64.Build.0 = Debug|x64
		{2538D87B-CA64-37FA-849F-6DB4FFE2C3B2}.Release|x64.ActiveCfg = Release|x64
		{2538D87B-CA64-37FA-849F-6DB4FFE2C3B2}.Release|x64.Build.0 = Release|x64
		{2538D87B-CA64-37FA-849F-6DB4FFE2C3B2}.MinSizeRel|x64.ActiveCfg = MinSizeRel|x64
		{2538D87B-CA64-37FA-849F-6DB4FFE2C3B2}.MinSizeRel|x64.Build.0 = MinSizeRel|x64
		{2538D87B-CA64-37FA-849F-6DB4FFE2C3B2}.RelWithDebInfo|x64.ActiveCfg = RelWithDebInfo|x64
		{2538D87B-CA64-37FA-849F-6DB4FFE2C3B2}.RelWithDebInfo|x64.Build.0 = RelWithDebInfo|x64
		{6423772A-A508-37F9-97C3-9F2E552F3914}.Debug|x64.ActiveCfg = Debug|x64
		{6423772A-A508-37F9-97C3-9F2E552F3914}.Debug|x64.Build.0 = Debug|x64
		{6423772A-A508-37F9-97C3-9F2E552F3914}.Release|x64.ActiveCfg = Release|x64
		{6423772A-A508-37F9-97C3-9F2E552F3914}.Release|x64.Build.0 = Release|x64
		{6423772A-A508-37F9-97C3-9F2E552F3914}.MinSizeRel|x64.ActiveCfg = MinSizeRel|x64
		{6423772A-A508-37F9-97C3-9F2E552F3914}.MinSizeRel|x64.Build.0 = MinSizeRel|x64
		{6423772A-A508-37F9-97C3-9F2E552F3914}.RelWithDebInfo|x64.ActiveCfg = RelWithDebInfo|x64
		{6423772A-A508-37F9-97C3-9F2E552F3914}.RelWithDebInfo|x64.Build.0 = RelWithDebInfo|x64
		{A3FBC4B8-49CE-3642-B86D-45979EF9F4B6}.Debug|x64.ActiveCfg = Debug|x64
		{A3FBC4B8-49CE-3642-B86D-45979EF9F4B6}.Debug|x64.Build.0 = Debug|x64
		{A3FBC4B8-49CE-3642-B86D-45979EF9F4B6}.Release|x64.ActiveCfg = Release|x64
		{A3FBC4B8-49CE-3642-B86D-45979EF9F4B6}.Release|x64.Build.0 = Release|x64
		{A3FBC4B8-49CE-3642-B86D-45979EF9F4B6}.MinSizeRel|x64.ActiveCfg = MinSizeRel|x64
		{A3FBC4B8-49CE-3642-B86D-45979EF9F4B6}.MinSizeRel|x64.Build.0 = MinSizeRel|x64
		{A3FBC4B8-49CE-3642-B86D-45979EF9F4B6}.RelWithDebInfo|x64.ActiveCfg = RelWithDebInfo|x64
		{A3FBC4B8-49CE-3642-B86D-45979EF9F4B6}.RelWithDebInfo|x64.Build.0 = RelWithDebInfo|x64
	EndGlobalSection
	GlobalSection(ExtensibilityGlobals) = postSolution
		SolutionGuid = {A87A2892-FA19-3A3B-8ADB-6D33B1ABB967}
	EndGlobalSection
	GlobalSection(ExtensibilityAddIns) = postSolution
	EndGlobalSection
EndGlobal
